
Microsoft Visual Studio Solution File, Format Version 12.00
# Visual Studio Version 17
VisualStudioVersion = 17.0.31903.59
MinimumVisualStudioVersion = 10.0.40219.1
Project("{9A19103F-16F7-4668-BE54-9A1E7A4F7556}") = "ClientApp", "ClientApp\ClientApp.csproj", "{0A6FD9B5-2C41-4B5C-95DF-DE01E2AB14F8}"
EndProject
Project("{9A19103F-16F7-4668-BE54-9A1E7A4F7556}") = "ServiceApp", "ServiceApp\ServiceApp.csproj", "{CAEACE5A-7CF9-4B28-9132-24DA5BFA0896}"
EndProject
Project("{9A19103F-16F7-4668-BE54-9A1E7A4F7556}") = "SyncMq", "SyncMq\SyncMq.csproj", "{D425278B-2D9E-41F9-97FB-BD5B5DAD96E1}"
EndProject
Project("{9A19103F-16F7-4668-BE54-9A1E7A4F7556}") = "Pars.Messaging.SyncMqGateway", "Pars.Messaging.SyncMqGateway\Pars.Messaging.SyncMqGateway.csproj", "{C7FABF2F-4D38-4E00-80E6-A9B06D190CFA}"
EndProject
Global
	GlobalSection(SolutionConfigurationPlatforms) = preSolution
		Debug|Any CPU = Debug|Any CPU
		Release|Any CPU = Release|Any CPU
	EndGlobalSection
	GlobalSection(ProjectConfigurationPlatforms) = postSolution
		{0A6FD9B5-2C41-4B5C-95DF-DE01E2AB14F8}.Debug|Any CPU.ActiveCfg = Debug|Any CPU
		{0A6FD9B5-2C41-4B5C-95DF-DE01E2AB14F8}.Debug|Any CPU.Build.0 = Debug|Any CPU
		{0A6FD9B5-2C41-4B5C-95DF-DE01E2AB14F8}.Release|Any CPU.ActiveCfg = Release|Any CPU
		{0A6FD9B5-2C41-4B5C-95DF-DE01E2AB14F8}.Release|Any CPU.Build.0 = Release|Any CPU
		{CAEACE5A-7CF9-4B28-9132-24DA5BFA0896}.Debug|Any CPU.ActiveCfg = Debug|Any CPU
		{CAEACE5A-7CF9-4B28-9132-24DA5BFA0896}.Debug|Any CPU.Build.0 = Debug|Any CPU
		{CAEACE5A-7CF9-4B28-9132-24DA5BFA0896}.Release|Any CPU.ActiveCfg = Release|Any CPU
		{CAEACE5A-7CF9-4B28-9132-24DA5BFA0896}.Release|Any CPU.Build.0 = Release|Any CPU
		{D425278B-2D9E-41F9-97FB-BD5B5DAD96E1}.Debug|Any CPU.ActiveCfg = Debug|Any CPU
		{D425278B-2D9E-41F9-97FB-BD5B5DAD96E1}.Debug|Any CPU.Build.0 = Debug|Any CPU
		{D425278B-2D9E-41F9-97FB-BD5B5DAD96E1}.Release|Any CPU.ActiveCfg = Release|Any CPU
		{D425278B-2D9E-41F9-97FB-BD5B5DAD96E1}.Release|Any CPU.Build.0 = Release|Any CPU
		{C7FABF2F-4D38-4E00-80E6-A9B06D190CFA}.Debug|Any CPU.ActiveCfg = Debug|Any CPU
		{C7FABF2F-4D38-4E00-80E6-A9B06D190CFA}.Debug|Any CPU.Build.0 = Debug|Any CPU
		{C7FABF2F-4D38-4E00-80E6-A9B06D190CFA}.Release|Any CPU.ActiveCfg = Release|Any CPU
		{C7FABF2F-4D38-4E00-80E6-A9B06D190CFA}.Release|Any CPU.Build.0 = Release|Any CPU
	EndGlobalSection
	GlobalSection(SolutionProperties) = preSolution
		HideSolutionNode = FALSE
	EndGlobalSection
	GlobalSection(ExtensibilityGlobals) = postSolution
		SolutionGuid = {1B07868C-77E5-49D3-8B33-7C7D3DA88D6A}
	EndGlobalSection
EndGlobal
